// !$*UTF8*$!
{
	archiveVersion = 1;
	classes = {
	};
	objectVersion = 55;
	objects = {

/* Begin PBXBuildFile section */
		4505557F2935FC9F008F5E09 /* DetailsView.swift in Sources */ = {isa = PBXBuildFile; fileRef = 4505557E2935FC9F008F5E09 /* DetailsView.swift */; };
		450555822936149B008F5E09 /* FiveStarView.swift in Sources */ = {isa = PBXBuildFile; fileRef = 450555812936149B008F5E09 /* FiveStarView.swift */; };
		4505558529362E77008F5E09 /* CartView.swift in Sources */ = {isa = PBXBuildFile; fileRef = 4505558429362E77008F5E09 /* CartView.swift */; };
		451DDB91291D288F0069F7F3 /* TabBar.swift in Sources */ = {isa = PBXBuildFile; fileRef = 451DDB90291D288E0069F7F3 /* TabBar.swift */; };
		451DDB94291D28C30069F7F3 /* Color+Extension.swift in Sources */ = {isa = PBXBuildFile; fileRef = 451DDB93291D28C30069F7F3 /* Color+Extension.swift */; };
		45266A17291007DF0090A6F4 /* AppViewModel.swift in Sources */ = {isa = PBXBuildFile; fileRef = 45266A16291007DF0090A6F4 /* AppViewModel.swift */; };
		45266A1D291008840090A6F4 /* UserDefaultManager.swift in Sources */ = {isa = PBXBuildFile; fileRef = 45266A1C291008840090A6F4 /* UserDefaultManager.swift */; };
		45266A2129100B0B0090A6F4 /* OnboardingView.swift in Sources */ = {isa = PBXBuildFile; fileRef = 45266A2029100B0B0090A6F4 /* OnboardingView.swift */; };
		4537099E291EC7E6006EC14E /* MockData.swift in Sources */ = {isa = PBXBuildFile; fileRef = 4537099D291EC7E6006EC14E /* MockData.swift */; };
		453709A1291ECFE8006EC14E /* Kingfisher in Frameworks */ = {isa = PBXBuildFile; productRef = 453709A0291ECFE8006EC14E /* Kingfisher */; };
		45B8A358291E6E78000B49B1 /* DiscoverView.swift in Sources */ = {isa = PBXBuildFile; fileRef = 45B8A357291E6E78000B49B1 /* DiscoverView.swift */; };
		45CE412F294CEDDA0076A92D /* BooksResult.swift in Sources */ = {isa = PBXBuildFile; fileRef = 45CE412E294CEDDA0076A92D /* BooksResult.swift */; };
		45CE4131294CEE8D0076A92D /* EndPoints.swift in Sources */ = {isa = PBXBuildFile; fileRef = 45CE4130294CEE8D0076A92D /* EndPoints.swift */; };
		45CE4134294CF0590076A92D /* FirebaseManager.swift in Sources */ = {isa = PBXBuildFile; fileRef = 45CE4133294CF0590076A92D /* FirebaseManager.swift */; };
		45CE4137294CF1220076A92D /* GoogleService-Info.plist in Resources */ = {isa = PBXBuildFile; fileRef = 45CE4136294CF1220076A92D /* GoogleService-Info.plist */; };
		45CE413A294CF4540076A92D /* FirebaseAnalytics in Frameworks */ = {isa = PBXBuildFile; productRef = 45CE4139294CF4540076A92D /* FirebaseAnalytics */; };
		45CE413C294CF4540076A92D /* FirebaseAuth in Frameworks */ = {isa = PBXBuildFile; productRef = 45CE413B294CF4540076A92D /* FirebaseAuth */; };
		45CE413F294CF5530076A92D /* SignInView.swift in Sources */ = {isa = PBXBuildFile; fileRef = 45CE413E294CF5530076A92D /* SignInView.swift */; };
		45CE4141294CFDCA0076A92D /* SignUpView.swift in Sources */ = {isa = PBXBuildFile; fileRef = 45CE4140294CFDCA0076A92D /* SignUpView.swift */; };
		45CE4143294D084F0076A92D /* SearchView.swift in Sources */ = {isa = PBXBuildFile; fileRef = 45CE4142294D084F0076A92D /* SearchView.swift */; };
		45CE4145294D25670076A92D /* CheckoutView.swift in Sources */ = {isa = PBXBuildFile; fileRef = 45CE4144294D25670076A92D /* CheckoutView.swift */; };
		45CE4147294D37E00076A92D /* ConfirmationView.swift in Sources */ = {isa = PBXBuildFile; fileRef = 45CE4146294D37E00076A92D /* ConfirmationView.swift */; };
		45E5A3A0291004810015EC35 /* AmazonKillersApp.swift in Sources */ = {isa = PBXBuildFile; fileRef = 45E5A39F291004810015EC35 /* AmazonKillersApp.swift */; };
		45E5A3A2291004810015EC35 /* AppView.swift in Sources */ = {isa = PBXBuildFile; fileRef = 45E5A3A1291004810015EC35 /* AppView.swift */; };
		45E5A3A4291004820015EC35 /* Assets.xcassets in Resources */ = {isa = PBXBuildFile; fileRef = 45E5A3A3291004820015EC35 /* Assets.xcassets */; };
		45E5A3A7291004820015EC35 /* Preview Assets.xcassets in Resources */ = {isa = PBXBuildFile; fileRef = 45E5A3A6291004820015EC35 /* Preview Assets.xcassets */; };
/* End PBXBuildFile section */

/* Begin PBXFileReference section */
		4505557E2935FC9F008F5E09 /* DetailsView.swift */ = {isa = PBXFileReference; lastKnownFileType = sourcecode.swift; path = DetailsView.swift; sourceTree = "<group>"; };
		450555812936149B008F5E09 /* FiveStarView.swift */ = {isa = PBXFileReference; lastKnownFileType = sourcecode.swift; path = FiveStarView.swift; sourceTree = "<group>"; };
		4505558429362E77008F5E09 /* CartView.swift */ = {isa = PBXFileReference; lastKnownFileType = sourcecode.swift; path = CartView.swift; sourceTree = "<group>"; };
		451DDB90291D288E0069F7F3 /* TabBar.swift */ = {isa = PBXFileReference; lastKnownFileType = sourcecode.swift; path = TabBar.swift; sourceTree = "<group>"; };
		451DDB93291D28C30069F7F3 /* Color+Extension.swift */ = {isa = PBXFileReference; lastKnownFileType = sourcecode.swift; path = "Color+Extension.swift"; sourceTree = "<group>"; };
		45266A16291007DF0090A6F4 /* AppViewModel.swift */ = {isa = PBXFileReference; lastKnownFileType = sourcecode.swift; path = AppViewModel.swift; sourceTree = "<group>"; };
		45266A1C291008840090A6F4 /* UserDefaultManager.swift */ = {isa = PBXFileReference; lastKnownFileType = sourcecode.swift; path = UserDefaultManager.swift; sourceTree = "<group>"; };
		45266A2029100B0B0090A6F4 /* OnboardingView.swift */ = {isa = PBXFileReference; lastKnownFileType = sourcecode.swift; path = OnboardingView.swift; sourceTree = "<group>"; };
		4537099D291EC7E6006EC14E /* MockData.swift */ = {isa = PBXFileReference; lastKnownFileType = sourcecode.swift; path = MockData.swift; sourceTree = "<group>"; };
		45B8A357291E6E78000B49B1 /* DiscoverView.swift */ = {isa = PBXFileReference; lastKnownFileType = sourcecode.swift; path = DiscoverView.swift; sourceTree = "<group>"; };
		45CE412E294CEDDA0076A92D /* BooksResult.swift */ = {isa = PBXFileReference; lastKnownFileType = sourcecode.swift; path = BooksResult.swift; sourceTree = "<group>"; };
		45CE4130294CEE8D0076A92D /* EndPoints.swift */ = {isa = PBXFileReference; lastKnownFileType = sourcecode.swift; path = EndPoints.swift; sourceTree = "<group>"; };
		45CE4133294CF0590076A92D /* FirebaseManager.swift */ = {isa = PBXFileReference; lastKnownFileType = sourcecode.swift; path = FirebaseManager.swift; sourceTree = "<group>"; };
		45CE4136294CF1220076A92D /* GoogleService-Info.plist */ = {isa = PBXFileReference; fileEncoding = 4; lastKnownFileType = text.plist.xml; path = "GoogleService-Info.plist"; sourceTree = "<group>"; };
		45CE413E294CF5530076A92D /* SignInView.swift */ = {isa = PBXFileReference; lastKnownFileType = sourcecode.swift; path = SignInView.swift; sourceTree = "<group>"; };
		45CE4140294CFDCA0076A92D /* SignUpView.swift */ = {isa = PBXFileReference; lastKnownFileType = sourcecode.swift; path = SignUpView.swift; sourceTree = "<group>"; };
		45CE4142294D084F0076A92D /* SearchView.swift */ = {isa = PBXFileReference; lastKnownFileType = sourcecode.swift; path = SearchView.swift; sourceTree = "<group>"; };
		45CE4144294D25670076A92D /* CheckoutView.swift */ = {isa = PBXFileReference; lastKnownFileType = sourcecode.swift; path = CheckoutView.swift; sourceTree = "<group>"; };
		45CE4146294D37E00076A92D /* ConfirmationView.swift */ = {isa = PBXFileReference; lastKnownFileType = sourcecode.swift; path = ConfirmationView.swift; sourceTree = "<group>"; };
		45E5A39C291004810015EC35 /* AmazonKillers.app */ = {isa = PBXFileReference; explicitFileType = wrapper.application; includeInIndex = 0; path = AmazonKillers.app; sourceTree = BUILT_PRODUCTS_DIR; };
		45E5A39F291004810015EC35 /* AmazonKillersApp.swift */ = {isa = PBXFileReference; lastKnownFileType = sourcecode.swift; path = AmazonKillersApp.swift; sourceTree = "<group>"; };
		45E5A3A1291004810015EC35 /* AppView.swift */ = {isa = PBXFileReference; lastKnownFileType = sourcecode.swift; path = AppView.swift; sourceTree = "<group>"; };
		45E5A3A3291004820015EC35 /* Assets.xcassets */ = {isa = PBXFileReference; lastKnownFileType = folder.assetcatalog; path = Assets.xcassets; sourceTree = "<group>"; };
		45E5A3A6291004820015EC35 /* Preview Assets.xcassets */ = {isa = PBXFileReference; lastKnownFileType = folder.assetcatalog; path = "Preview Assets.xcassets"; sourceTree = "<group>"; };
/* End PBXFileReference section */

/* Begin PBXFrameworksBuildPhase section */
		45E5A399291004810015EC35 /* Frameworks */ = {
			isa = PBXFrameworksBuildPhase;
			buildActionMask = 2147483647;
			files = (
				45CE413A294CF4540076A92D /* FirebaseAnalytics in Frameworks */,
				45CE413C294CF4540076A92D /* FirebaseAuth in Frameworks */,
				453709A1291ECFE8006EC14E /* Kingfisher in Frameworks */,
			);
			runOnlyForDeploymentPostprocessing = 0;
		};
/* End PBXFrameworksBuildPhase section */

/* Begin PBXGroup section */
		4505558029361486008F5E09 /* FiveStars */ = {
			isa = PBXGroup;
			children = (
				450555812936149B008F5E09 /* FiveStarView.swift */,
			);
			name = FiveStars;
			sourceTree = "<group>";
		};
		4505558329362E61008F5E09 /* Cart */ = {
			isa = PBXGroup;
			children = (
				4505558429362E77008F5E09 /* CartView.swift */,
				45CE4144294D25670076A92D /* CheckoutView.swift */,
				45CE4146294D37E00076A92D /* ConfirmationView.swift */,
			);
			path = Cart;
			sourceTree = "<group>";
		};
		451DDB8E291D286F0069F7F3 /* UI */ = {
			isa = PBXGroup;
			children = (
				4505558029361486008F5E09 /* FiveStars */,
				451DDB8F291D287F0069F7F3 /* TabBar */,
			);
			name = UI;
			sourceTree = "<group>";
		};
		451DDB8F291D287F0069F7F3 /* TabBar */ = {
			isa = PBXGroup;
			children = (
				451DDB90291D288E0069F7F3 /* TabBar.swift */,
			);
			name = TabBar;
			sourceTree = "<group>";
		};
		451DDB92291D28A90069F7F3 /* Extensions */ = {
			isa = PBXGroup;
			children = (
				451DDB93291D28C30069F7F3 /* Color+Extension.swift */,
			);
			path = Extensions;
			sourceTree = "<group>";
		};
		45266A182910083E0090A6F4 /* AppKit */ = {
			isa = PBXGroup;
			children = (
				451DDB92291D28A90069F7F3 /* Extensions */,
				451DDB8E291D286F0069F7F3 /* UI */,
				45266A192910084D0090A6F4 /* Services */,
			);
			path = AppKit;
			sourceTree = "<group>";
		};
		45266A192910084D0090A6F4 /* Services */ = {
			isa = PBXGroup;
			children = (
				45266A1A291008670090A6F4 /* Managers */,
			);
			path = Services;
			sourceTree = "<group>";
		};
		45266A1A291008670090A6F4 /* Managers */ = {
			isa = PBXGroup;
			children = (
				45CE4132294CEFAD0076A92D /* FirebaseManager */,
				45CE412C294CED8C0076A92D /* NetworkManager */,
				45266A1B291008700090A6F4 /* UserDefaultManager */,
			);
			path = Managers;
			sourceTree = "<group>";
		};
		45266A1B291008700090A6F4 /* UserDefaultManager */ = {
			isa = PBXGroup;
			children = (
				45266A1C291008840090A6F4 /* UserDefaultManager.swift */,
			);
			path = UserDefaultManager;
			sourceTree = "<group>";
		};
		45266A1E29100A630090A6F4 /* Onboarding */ = {
			isa = PBXGroup;
			children = (
				45266A2029100B0B0090A6F4 /* OnboardingView.swift */,
			);
			path = Onboarding;
			sourceTree = "<group>";
		};
		45266A1F29100A6A0090A6F4 /* Discover */ = {
			isa = PBXGroup;
			children = (
				45B8A357291E6E78000B49B1 /* DiscoverView.swift */,
				4505557E2935FC9F008F5E09 /* DetailsView.swift */,
				45CE4142294D084F0076A92D /* SearchView.swift */,
			);
			path = Discover;
			sourceTree = "<group>";
		};
		45CE412C294CED8C0076A92D /* NetworkManager */ = {
			isa = PBXGroup;
			children = (
				45CE4130294CEE8D0076A92D /* EndPoints.swift */,
			);
			path = NetworkManager;
			sourceTree = "<group>";
		};
		45CE412D294CEDC70076A92D /* Model */ = {
			isa = PBXGroup;
			children = (
				45CE412E294CEDDA0076A92D /* BooksResult.swift */,
			);
			path = Model;
			sourceTree = "<group>";
		};
		45CE4132294CEFAD0076A92D /* FirebaseManager */ = {
			isa = PBXGroup;
			children = (
				45CE4133294CF0590076A92D /* FirebaseManager.swift */,
			);
			path = FirebaseManager;
			sourceTree = "<group>";
		};
		45CE413D294CF5310076A92D /* Auth */ = {
			isa = PBXGroup;
			children = (
				45CE413E294CF5530076A92D /* SignInView.swift */,
				45CE4140294CFDCA0076A92D /* SignUpView.swift */,
			);
			path = Auth;
			sourceTree = "<group>";
		};
		45E5A393291004810015EC35 = {
			isa = PBXGroup;
			children = (
				45E5A39E291004810015EC35 /* AmazonKillers */,
				45E5A39D291004810015EC35 /* Products */,
			);
			sourceTree = "<group>";
		};
		45E5A39D291004810015EC35 /* Products */ = {
			isa = PBXGroup;
			children = (
				45E5A39C291004810015EC35 /* AmazonKillers.app */,
			);
			name = Products;
			sourceTree = "<group>";
		};
		45E5A39E291004810015EC35 /* AmazonKillers */ = {
			isa = PBXGroup;
			children = (
				45CE413D294CF5310076A92D /* Auth */,
				45CE4136294CF1220076A92D /* GoogleService-Info.plist */,
				4505558329362E61008F5E09 /* Cart */,
				45266A1F29100A6A0090A6F4 /* Discover */,
				45266A1E29100A630090A6F4 /* Onboarding */,
				45266A182910083E0090A6F4 /* AppKit */,
				45E5A3AD2910055E0015EC35 /* App */,
				45E5A3AE291005640015EC35 /* Resources */,
				45E5A3A5291004820015EC35 /* Preview Content */,
			);
			path = AmazonKillers;
			sourceTree = "<group>";
		};
		45E5A3A5291004820015EC35 /* Preview Content */ = {
			isa = PBXGroup;
			children = (
				45E5A3A6291004820015EC35 /* Preview Assets.xcassets */,
			);
			path = "Preview Content";
			sourceTree = "<group>";
		};
		45E5A3AD2910055E0015EC35 /* App */ = {
			isa = PBXGroup;
			children = (
				45E5A39F291004810015EC35 /* AmazonKillersApp.swift */,
				45E5A3A1291004810015EC35 /* AppView.swift */,
				45266A16291007DF0090A6F4 /* AppViewModel.swift */,
			);
			path = App;
			sourceTree = "<group>";
		};
		45E5A3AE291005640015EC35 /* Resources */ = {
			isa = PBXGroup;
			children = (
				45CE412D294CEDC70076A92D /* Model */,
				45E5A3A3291004820015EC35 /* Assets.xcassets */,
				4537099D291EC7E6006EC14E /* MockData.swift */,
			);
			path = Resources;
			sourceTree = "<group>";
		};
/* End PBXGroup section */

/* Begin PBXNativeTarget section */
		45E5A39B291004810015EC35 /* AmazonKillers */ = {
			isa = PBXNativeTarget;
			buildConfigurationList = 45E5A3AA291004820015EC35 /* Build configuration list for PBXNativeTarget "AmazonKillers" */;
			buildPhases = (
				45E5A398291004810015EC35 /* Sources */,
				45E5A399291004810015EC35 /* Frameworks */,
				45E5A39A291004810015EC35 /* Resources */,
			);
			buildRules = (
			);
			dependencies = (
			);
			name = AmazonKillers;
			packageProductDependencies = (
				453709A0291ECFE8006EC14E /* Kingfisher */,
				45CE4139294CF4540076A92D /* FirebaseAnalytics */,
				45CE413B294CF4540076A92D /* FirebaseAuth */,
			);
			productName = AmazonKillers;
			productReference = 45E5A39C291004810015EC35 /* AmazonKillers.app */;
			productType = "com.apple.product-type.application";
		};
/* End PBXNativeTarget section */

/* Begin PBXProject section */
		45E5A394291004810015EC35 /* Project object */ = {
			isa = PBXProject;
			attributes = {
				BuildIndependentTargetsInParallel = 1;
				LastSwiftUpdateCheck = 1330;
				LastUpgradeCheck = 1330;
				TargetAttributes = {
					45E5A39B291004810015EC35 = {
						CreatedOnToolsVersion = 13.3.1;
					};
				};
			};
			buildConfigurationList = 45E5A397291004810015EC35 /* Build configuration list for PBXProject "AmazonKillers" */;
			compatibilityVersion = "Xcode 13.0";
			developmentRegion = en;
			hasScannedForEncodings = 0;
			knownRegions = (
				en,
				Base,
			);
			mainGroup = 45E5A393291004810015EC35;
			packageReferences = (
				4537099F291ECFE8006EC14E /* XCRemoteSwiftPackageReference "Kingfisher" */,
				45CE4138294CF4540076A92D /* XCRemoteSwiftPackageReference "firebase-ios-sdk" */,
			);
			productRefGroup = 45E5A39D291004810015EC35 /* Products */;
			projectDirPath = "";
			projectRoot = "";
			targets = (
				45E5A39B291004810015EC35 /* AmazonKillers */,
			);
		};
/* End PBXProject section */

/* Begin PBXResourcesBuildPhase section */
		45E5A39A291004810015EC35 /* Resources */ = {
			isa = PBXResourcesBuildPhase;
			buildActionMask = 2147483647;
			files = (
				45E5A3A7291004820015EC35 /* Preview Assets.xcassets in Resources */,
				45CE4137294CF1220076A92D /* GoogleService-Info.plist in Resources */,
				45E5A3A4291004820015EC35 /* Assets.xcassets in Resources */,
			);
			runOnlyForDeploymentPostprocessing = 0;
		};
/* End PBXResourcesBuildPhase section */

/* Begin PBXSourcesBuildPhase section */
		45E5A398291004810015EC35 /* Sources */ = {
			isa = PBXSourcesBuildPhase;
			buildActionMask = 2147483647;
			files = (
				45CE412F294CEDDA0076A92D /* BooksResult.swift in Sources */,
				45E5A3A2291004810015EC35 /* AppView.swift in Sources */,
				4505557F2935FC9F008F5E09 /* DetailsView.swift in Sources */,
				45CE4145294D25670076A92D /* CheckoutView.swift in Sources */,
				451DDB94291D28C30069F7F3 /* Color+Extension.swift in Sources */,
				45CE4147294D37E00076A92D /* ConfirmationView.swift in Sources */,
				45E5A3A0291004810015EC35 /* AmazonKillersApp.swift in Sources */,
				45266A1D291008840090A6F4 /* UserDefaultManager.swift in Sources */,
				4537099E291EC7E6006EC14E /* MockData.swift in Sources */,
				4505558529362E77008F5E09 /* CartView.swift in Sources */,
				451DDB91291D288F0069F7F3 /* TabBar.swift in Sources */,
				45266A2129100B0B0090A6F4 /* OnboardingView.swift in Sources */,
				45CE4143294D084F0076A92D /* SearchView.swift in Sources */,
				45CE4131294CEE8D0076A92D /* EndPoints.swift in Sources */,
				45266A17291007DF0090A6F4 /* AppViewModel.swift in Sources */,
				45CE4141294CFDCA0076A92D /* SignUpView.swift in Sources */,
				45CE4134294CF0590076A92D /* FirebaseManager.swift in Sources */,
				450555822936149B008F5E09 /* FiveStarView.swift in Sources */,
				45CE413F294CF5530076A92D /* SignInView.swift in Sources */,
				45B8A358291E6E78000B49B1 /* DiscoverView.swift in Sources */,
			);
			runOnlyForDeploymentPostprocessing = 0;
		};
/* End PBXSourcesBuildPhase section */

/* Begin XCBuildConfiguration section */
		45E5A3A8291004820015EC35 /* Debug */ = {
			isa = XCBuildConfiguration;
			buildSettings = {
				ALWAYS_SEARCH_USER_PATHS = NO;
				CLANG_ANALYZER_NONNULL = YES;
				CLANG_ANALYZER_NUMBER_OBJECT_CONVERSION = YES_AGGRESSIVE;
				CLANG_CXX_LANGUAGE_STANDARD = "gnu++17";
				CLANG_ENABLE_MODULES = YES;
				CLANG_ENABLE_OBJC_ARC = YES;
				CLANG_ENABLE_OBJC_WEAK = YES;
				CLANG_WARN_BLOCK_CAPTURE_AUTORELEASING = YES;
				CLANG_WARN_BOOL_CONVERSION = YES;
				CLANG_WARN_COMMA = YES;
				CLANG_WARN_CONSTANT_CONVERSION = YES;
				CLANG_WARN_DEPRECATED_OBJC_IMPLEMENTATIONS = YES;
				CLANG_WARN_DIRECT_OBJC_ISA_USAGE = YES_ERROR;
				CLANG_WARN_DOCUMENTATION_COMMENTS = YES;
				CLANG_WARN_EMPTY_BODY = YES;
				CLANG_WARN_ENUM_CONVERSION = YES;
				CLANG_WARN_INFINITE_RECURSION = YES;
				CLANG_WARN_INT_CONVERSION = YES;
				CLANG_WARN_NON_LITERAL_NULL_CONVERSION = YES;
				CLANG_WARN_OBJC_IMPLICIT_RETAIN_SELF = YES;
				CLANG_WARN_OBJC_LITERAL_CONVERSION = YES;
				CLANG_WARN_OBJC_ROOT_CLASS = YES_ERROR;
				CLANG_WARN_QUOTED_INCLUDE_IN_FRAMEWORK_HEADER = YES;
				CLANG_WARN_RANGE_LOOP_ANALYSIS = YES;
				CLANG_WARN_STRICT_PROTOTYPES = YES;
				CLANG_WARN_SUSPICIOUS_MOVE = YES;
				CLANG_WARN_UNGUARDED_AVAILABILITY = YES_AGGRESSIVE;
				CLANG_WARN_UNREACHABLE_CODE = YES;
				CLANG_WARN__DUPLICATE_METHOD_MATCH = YES;
				COPY_PHASE_STRIP = NO;
				DEBUG_INFORMATION_FORMAT = dwarf;
				ENABLE_STRICT_OBJC_MSGSEND = YES;
				ENABLE_TESTABILITY = YES;
				GCC_C_LANGUAGE_STANDARD = gnu11;
				GCC_DYNAMIC_NO_PIC = NO;
				GCC_NO_COMMON_BLOCKS = YES;
				GCC_OPTIMIZATION_LEVEL = 0;
				GCC_PREPROCESSOR_DEFINITIONS = (
					"DEBUG=1",
					"$(inherited)",
				);
				GCC_WARN_64_TO_32_BIT_CONVERSION = YES;
				GCC_WARN_ABOUT_RETURN_TYPE = YES_ERROR;
				GCC_WARN_UNDECLARED_SELECTOR = YES;
				GCC_WARN_UNINITIALIZED_AUTOS = YES_AGGRESSIVE;
				GCC_WARN_UNUSED_FUNCTION = YES;
				GCC_WARN_UNUSED_VARIABLE = YES;
				IPHONEOS_DEPLOYMENT_TARGET = 15.4;
				MTL_ENABLE_DEBUG_INFO = INCLUDE_SOURCE;
				MTL_FAST_MATH = YES;
				ONLY_ACTIVE_ARCH = YES;
				SDKROOT = iphoneos;
				SWIFT_ACTIVE_COMPILATION_CONDITIONS = DEBUG;
				SWIFT_OPTIMIZATION_LEVEL = "-Onone";
			};
			name = Debug;
		};
		45E5A3A9291004820015EC35 /* Release */ = {
			isa = XCBuildConfiguration;
			buildSettings = {
				ALWAYS_SEARCH_USER_PATHS = NO;
				CLANG_ANALYZER_NONNULL = YES;
				CLANG_ANALYZER_NUMBER_OBJECT_CONVERSION = YES_AGGRESSIVE;
				CLANG_CXX_LANGUAGE_STANDARD = "gnu++17";
				CLANG_ENABLE_MODULES = YES;
				CLANG_ENABLE_OBJC_ARC = YES;
				CLANG_ENABLE_OBJC_WEAK = YES;
				CLANG_WARN_BLOCK_CAPTURE_AUTORELEASING = YES;
				CLANG_WARN_BOOL_CONVERSION = YES;
				CLANG_WARN_COMMA = YES;
				CLANG_WARN_CONSTANT_CONVERSION = YES;
				CLANG_WARN_DEPRECATED_OBJC_IMPLEMENTATIONS = YES;
				CLANG_WARN_DIRECT_OBJC_ISA_USAGE = YES_ERROR;
				CLANG_WARN_DOCUMENTATION_COMMENTS = YES;
				CLANG_WARN_EMPTY_BODY = YES;
				CLANG_WARN_ENUM_CONVERSION = YES;
				CLANG_WARN_INFINITE_RECURSION = YES;
				CLANG_WARN_INT_CONVERSION = YES;
				CLANG_WARN_NON_LITERAL_NULL_CONVERSION = YES;
				CLANG_WARN_OBJC_IMPLICIT_RETAIN_SELF = YES;
				CLANG_WARN_OBJC_LITERAL_CONVERSION = YES;
				CLANG_WARN_OBJC_ROOT_CLASS = YES_ERROR;
				CLANG_WARN_QUOTED_INCLUDE_IN_FRAMEWORK_HEADER = YES;
				CLANG_WARN_RANGE_LOOP_ANALYSIS = YES;
				CLANG_WARN_STRICT_PROTOTYPES = YES;
				CLANG_WARN_SUSPICIOUS_MOVE = YES;
				CLANG_WARN_UNGUARDED_AVAILABILITY = YES_AGGRESSIVE;
				CLANG_WARN_UNREACHABLE_CODE = YES;
				CLANG_WARN__DUPLICATE_METHOD_MATCH = YES;
				COPY_PHASE_STRIP = NO;
				DEBUG_INFORMATION_FORMAT = "dwarf-with-dsym";
				ENABLE_NS_ASSERTIONS = NO;
				ENABLE_STRICT_OBJC_MSGSEND = YES;
				GCC_C_LANGUAGE_STANDARD = gnu11;
				GCC_NO_COMMON_BLOCKS = YES;
				GCC_WARN_64_TO_32_BIT_CONVERSION = YES;
				GCC_WARN_ABOUT_RETURN_TYPE = YES_ERROR;
				GCC_WARN_UNDECLARED_SELECTOR = YES;
				GCC_WARN_UNINITIALIZED_AUTOS = YES_AGGRESSIVE;
				GCC_WARN_UNUSED_FUNCTION = YES;
				GCC_WARN_UNUSED_VARIABLE = YES;
				IPHONEOS_DEPLOYMENT_TARGET = 15.4;
				MTL_ENABLE_DEBUG_INFO = NO;
				MTL_FAST_MATH = YES;
				SDKROOT = iphoneos;
				SWIFT_COMPILATION_MODE = wholemodule;
				SWIFT_OPTIMIZATION_LEVEL = "-O";
				VALIDATE_PRODUCT = YES;
			};
			name = Release;
		};
		45E5A3AB291004820015EC35 /* Debug */ = {
			isa = XCBuildConfiguration;
			buildSettings = {
				ASSETCATALOG_COMPILER_APPICON_NAME = AppIcon;
				ASSETCATALOG_COMPILER_GLOBAL_ACCENT_COLOR_NAME = AccentColor;
				CODE_SIGN_STYLE = Automatic;
				CURRENT_PROJECT_VERSION = 1;
				DEVELOPMENT_ASSET_PATHS = "\"AmazonKillers/Preview Content\"";
				DEVELOPMENT_TEAM = JKPC7V57YU;
				ENABLE_PREVIEWS = YES;
				GENERATE_INFOPLIST_FILE = YES;
				INFOPLIST_KEY_UIApplicationSceneManifest_Generation = YES;
				INFOPLIST_KEY_UIApplicationSupportsIndirectInputEvents = YES;
				INFOPLIST_KEY_UILaunchScreen_Generation = YES;
				INFOPLIST_KEY_UISupportedInterfaceOrientations_iPad = "UIInterfaceOrientationPortrait UIInterfaceOrientationPortraitUpsideDown UIInterfaceOrientationLandscapeLeft UIInterfaceOrientationLandscapeRight";
				INFOPLIST_KEY_UISupportedInterfaceOrientations_iPhone = "UIInterfaceOrientationPortrait UIInterfaceOrientationLandscapeLeft UIInterfaceOrientationLandscapeRight";
				LD_RUNPATH_SEARCH_PATHS = (
					"$(inherited)",
					"@executable_path/Frameworks",
				);
				MARKETING_VERSION = 1.0;
				PRODUCT_BUNDLE_IDENTIFIER = adambokun.AmazonKillers;
				PRODUCT_NAME = "$(TARGET_NAME)";
				SWIFT_EMIT_LOC_STRINGS = YES;
				SWIFT_VERSION = 5.0;
				TARGETED_DEVICE_FAMILY = "1,2";
			};
			name = Debug;
		};
		45E5A3AC291004820015EC35 /* Release */ = {
			isa = XCBuildConfiguration;
			buildSettings = {
				ASSETCATALOG_COMPILER_APPICON_NAME = AppIcon;
				ASSETCATALOG_COMPILER_GLOBAL_ACCENT_COLOR_NAME = AccentColor;
				CODE_SIGN_STYLE = Automatic;
				CURRENT_PROJECT_VERSION = 1;
				DEVELOPMENT_ASSET_PATHS = "\"AmazonKillers/Preview Content\"";
				DEVELOPMENT_TEAM = JKPC7V57YU;
				ENABLE_PREVIEWS = YES;
				GENERATE_INFOPLIST_FILE = YES;
				INFOPLIST_KEY_UIApplicationSceneManifest_Generation = YES;
				INFOPLIST_KEY_UIApplicationSupportsIndirectInputEvents = YES;
				INFOPLIST_KEY_UILaunchScreen_Generation = YES;
				INFOPLIST_KEY_UISupportedInterfaceOrientations_iPad = "UIInterfaceOrientationPortrait UIInterfaceOrientationPortraitUpsideDown UIInterfaceOrientationLandscapeLeft UIInterfaceOrientationLandscapeRight";
				INFOPLIST_KEY_UISupportedInterfaceOrientations_iPhone = "UIInterfaceOrientationPortrait UIInterfaceOrientationLandscapeLeft UIInterfaceOrientationLandscapeRight";
				LD_RUNPATH_SEARCH_PATHS = (
					"$(inherited)",
					"@executable_path/Frameworks",
				);
				MARKETING_VERSION = 1.0;
				PRODUCT_BUNDLE_IDENTIFIER = adambokun.AmazonKillers;
				PRODUCT_NAME = "$(TARGET_NAME)";
				SWIFT_EMIT_LOC_STRINGS = YES;
				SWIFT_VERSION = 5.0;
				TARGETED_DEVICE_FAMILY = "1,2";
			};
			name = Release;
		};
/* End XCBuildConfiguration section */

/* Begin XCConfigurationList section */
		45E5A397291004810015EC35 /* Build configuration list for PBXProject "AmazonKillers" */ = {
			isa = XCConfigurationList;
			buildConfigurations = (
				45E5A3A8291004820015EC35 /* Debug */,
				45E5A3A9291004820015EC35 /* Release */,
			);
			defaultConfigurationIsVisible = 0;
			defaultConfigurationName = Release;
		};
		45E5A3AA291004820015EC35 /* Build configuration list for PBXNativeTarget "AmazonKillers" */ = {
			isa = XCConfigurationList;
			buildConfigurations = (
				45E5A3AB291004820015EC35 /* Debug */,
				45E5A3AC291004820015EC35 /* Release */,
			);
			defaultConfigurationIsVisible = 0;
			defaultConfigurationName = Release;
		};
/* End XCConfigurationList section */

/* Begin XCRemoteSwiftPackageReference section */
		4537099F291ECFE8006EC14E /* XCRemoteSwiftPackageReference "Kingfisher" */ = {
			isa = XCRemoteSwiftPackageReference;
			repositoryURL = "https://github.com/onevcat/Kingfisher";
			requirement = {
				branch = master;
				kind = branch;
			};
		};
		45CE4138294CF4540076A92D /* XCRemoteSwiftPackageReference "firebase-ios-sdk" */ = {
			isa = XCRemoteSwiftPackageReference;
			repositoryURL = "https://github.com/firebase/firebase-ios-sdk.git";
			requirement = {
				kind = upToNextMinorVersion;
				minimumVersion = 9.6.0;
			};
		};
/* End XCRemoteSwiftPackageReference section */

/* Begin XCSwiftPackageProductDependency section */
		453709A0291ECFE8006EC14E /* Kingfisher */ = {
			isa = XCSwiftPackageProductDependency;
			package = 4537099F291ECFE8006EC14E /* XCRemoteSwiftPackageReference "Kingfisher" */;
			productName = Kingfisher;
		};
		45CE4139294CF4540076A92D /* FirebaseAnalytics */ = {
			isa = XCSwiftPackageProductDependency;
			package = 45CE4138294CF4540076A92D /* XCRemoteSwiftPackageReference "firebase-ios-sdk" */;
			productName = FirebaseAnalytics;
		};
		45CE413B294CF4540076A92D /* FirebaseAuth */ = {
			isa = XCSwiftPackageProductDependency;
			package = 45CE4138294CF4540076A92D /* XCRemoteSwiftPackageReference "firebase-ios-sdk" */;
			productName = FirebaseAuth;
		};
/* End XCSwiftPackageProductDependency section */
	};
	rootObject = 45E5A394291004810015EC35 /* Project object */;
}
